{
  "version": 4,
  "terraform_version": "1.2.9",
  "serial": 18,
  "lineage": "2c1c2549-45c3-0ff9-9a61-9e66876ee71e",
  "outputs": {
    "lb_dns_name": {
      "value": "External-LB-602790314.us-east-2.elb.amazonaws.com",
      "type": "string"
    }
  },
  "resources": [
    {
      "mode": "managed",
      "type": "aws_instance",
      "name": "maniinstance1",
      "provider": "provider[\"registry.terraform.io/hashicorp/aws\"]",
      "instances": [
        {
          "schema_version": 1,
          "attributes": {
            "ami": "ami-0568773882d492fc8",
            "arn": "arn:aws:ec2:us-east-2:270513839158:instance/i-05b468910f69aec6c",
            "associate_public_ip_address": true,
            "availability_zone": "us-east-2a",
            "capacity_reservation_specification": [
              {
                "capacity_reservation_preference": "open",
                "capacity_reservation_target": []
              }
            ],
            "cpu_core_count": 1,
            "cpu_threads_per_core": 1,
            "credit_specification": [
              {
                "cpu_credits": "standard"
              }
            ],
            "disable_api_stop": false,
            "disable_api_termination": false,
            "ebs_block_device": [],
            "ebs_optimized": false,
            "enclave_options": [
              {
                "enabled": false
              }
            ],
            "ephemeral_block_device": [],
            "get_password_data": false,
            "hibernation": false,
            "host_id": null,
            "host_resource_group_arn": null,
            "iam_instance_profile": "",
            "id": "i-05b468910f69aec6c",
            "instance_initiated_shutdown_behavior": "stop",
            "instance_state": "running",
            "instance_type": "t2.micro",
            "ipv6_address_count": 0,
            "ipv6_addresses": [],
            "key_name": "tests",
            "launch_template": [],
            "maintenance_options": [
              {
                "auto_recovery": "default"
              }
            ],
            "metadata_options": [
              {
                "http_endpoint": "enabled",
                "http_put_response_hop_limit": 1,
                "http_tokens": "optional",
                "instance_metadata_tags": "disabled"
              }
            ],
            "monitoring": false,
            "network_interface": [],
            "outpost_arn": "",
            "password_data": "",
            "placement_group": "",
            "placement_partition_number": null,
            "primary_network_interface_id": "eni-0192fd6c3d86660d1",
            "private_dns": "ip-192-168-100-77.us-east-2.compute.internal",
            "private_dns_name_options": [
              {
                "enable_resource_name_dns_a_record": false,
                "enable_resource_name_dns_aaaa_record": false,
                "hostname_type": "ip-name"
              }
            ],
            "private_ip": "192.168.100.77",
            "public_dns": "",
            "public_ip": "18.219.209.86",
            "root_block_device": [
              {
                "delete_on_termination": true,
                "device_name": "/dev/xvda",
                "encrypted": false,
                "iops": 100,
                "kms_key_id": "",
                "tags": {},
                "throughput": 0,
                "volume_id": "vol-0b2f00da860bb2a9b",
                "volume_size": 8,
                "volume_type": "gp2"
              }
            ],
            "secondary_private_ips": [],
            "security_groups": [],
            "source_dest_check": true,
            "subnet_id": "subnet-094e78c6223011abc",
            "tags": {
              "Name": "maniinstance1"
            },
            "tags_all": {
              "Name": "maniinstance1"
            },
            "tenancy": "default",
            "timeouts": null,
            "user_data": "62c3db6e085ea6a6fcb4ba32e7e4523bd49a5709",
            "user_data_base64": null,
            "user_data_replace_on_change": false,
            "volume_tags": null,
            "vpc_security_group_ids": [
              "sg-0704fb55fe5288e6e"
            ]
          },
          "sensitive_attributes": [],
          "private": "eyJlMmJmYjczMC1lY2FhLTExZTYtOGY4OC0zNDM2M2JjN2M0YzAiOnsiY3JlYXRlIjo2MDAwMDAwMDAwMDAsImRlbGV0ZSI6MTIwMDAwMDAwMDAwMCwidXBkYXRlIjo2MDAwMDAwMDAwMDB9LCJzY2hlbWFfdmVyc2lvbiI6IjEifQ==",
          "dependencies": [
            "aws_security_group.manisg",
            "aws_subnet.public-1",
            "aws_vpc.manivpc"
          ]
        }
      ]
    },
    {
      "mode": "managed",
      "type": "aws_internet_gateway",
      "name": "maniigw",
      "provider": "provider[\"registry.terraform.io/hashicorp/aws\"]",
      "instances": [
        {
          "schema_version": 0,
          "attributes": {
            "arn": "arn:aws:ec2:us-east-2:270513839158:internet-gateway/igw-05d85f1ffd7dcb375",
            "id": "igw-05d85f1ffd7dcb375",
            "owner_id": "270513839158",
            "tags": {
              "Name": "maniigw"
            },
            "tags_all": {
              "Name": "maniigw"
            },
            "timeouts": null,
            "vpc_id": "vpc-0451bab1cecfbfe93"
          },
          "sensitive_attributes": [],
          "private": "eyJlMmJmYjczMC1lY2FhLTExZTYtOGY4OC0zNDM2M2JjN2M0YzAiOnsiY3JlYXRlIjoxMjAwMDAwMDAwMDAwLCJkZWxldGUiOjEyMDAwMDAwMDAwMDAsInVwZGF0ZSI6MTIwMDAwMDAwMDAwMH19",
          "dependencies": [
            "aws_vpc.manivpc"
          ]
        }
      ]
    },
    {
      "mode": "managed",
      "type": "aws_key_pair",
      "name": "key_pair",
      "provider": "provider[\"registry.terraform.io/hashicorp/aws\"]",
      "instances": [
        {
          "schema_version": 1,
          "attributes": {
            "arn": "arn:aws:ec2:us-east-2:270513839158:key-pair/tests",
            "fingerprint": "f7:0e:d4:aa:1b:7e:fb:44:31:be:9e:bd:3d:9a:3a:2b",
            "id": "tests",
            "key_name": "tests",
            "key_name_prefix": "",
            "key_pair_id": "key-02e2ae286200d87f8",
            "key_type": "rsa",
            "public_key": "ssh-rsa AAAAB3NzaC1yc2EAAAADAQABAAACAQDmaqLxmVpwPybwmUYZNhTwddJVgcL1L4l0TLTJYHgascfnCORtLf5/mp60c4ar16TEbECdwHMflhM2ojz5oc5Is8oyA0BqE60PF+JmR/406GPZ1IWe0Dup/b0EZKcTO3pE4grCguzkcSx9mqhDo/01sq/jPEqzDt9vBINndwlzOPIHcqK28u+RV18e53Cq7WDH6ahhv7q5bfrhS9riu9fFlhlGw3nFQf0wQWWgfTO/5EU1dld7al+Mw2Y34ii6yiaaM8JTdO0hIH0OHRgqZUditrbRKbas2uVhEUJoILi6EvLYID3UmzPwrmJNee9AKm3+f2LGOWcojeRPBDQlItQhFbTwl8IgPYNYsgkrBmIZOd910/bUhYRV5Wzu3Hk76NXLu7DP9uMDIG/asn4RKwpP2plT3IgRaTVlQX7UeylesprbZRmE5SOwm7DN4ya0EtUhYCbdjDgeCR4fGFFaqDc3CjNeW/OXwRsJXNnPmkIbf/BALPRWoeBe2iCaGYorz33HgbGLJ6D+l90qosqcKE7tI0tHGrG9fh89N2MXu5tLeFaWLJQkb6iO99TBBROO0ZxZwhLCyIPBvZ0nqf255WH4xAnRbTUcMqej8RQ4LXFiKFlmKQdZe7vLUxhLZn7Suktv0NghZjFfW/wspwJ/aezTM5nJnLzdsX6c80vRoQi5gw==",
            "tags": null,
            "tags_all": {}
          },
          "sensitive_attributes": [],
          "private": "eyJzY2hlbWFfdmVyc2lvbiI6IjEifQ==",
          "dependencies": [
            "tls_private_key.rsa"
          ]
        }
      ]
    },
    {
      "mode": "managed",
      "type": "aws_lb",
      "name": "external-elb",
      "provider": "provider[\"registry.terraform.io/hashicorp/aws\"]",
      "instances": [
        {
          "schema_version": 0,
          "attributes": {
            "access_logs": [
              {
                "bucket": "",
                "enabled": false,
                "prefix": ""
              }
            ],
            "arn": "arn:aws:elasticloadbalancing:us-east-2:270513839158:loadbalancer/app/External-LB/34aaa777ac9d2724",
            "arn_suffix": "app/External-LB/34aaa777ac9d2724",
            "customer_owned_ipv4_pool": "",
            "desync_mitigation_mode": "defensive",
            "dns_name": "External-LB-602790314.us-east-2.elb.amazonaws.com",
            "drop_invalid_header_fields": false,
            "enable_cross_zone_load_balancing": null,
            "enable_deletion_protection": false,
            "enable_http2": true,
            "enable_waf_fail_open": false,
            "id": "arn:aws:elasticloadbalancing:us-east-2:270513839158:loadbalancer/app/External-LB/34aaa777ac9d2724",
            "idle_timeout": 60,
            "internal": false,
            "ip_address_type": "ipv4",
            "load_balancer_type": "application",
            "name": "External-LB",
            "name_prefix": null,
            "preserve_host_header": false,
            "security_groups": [
              "sg-0704fb55fe5288e6e"
            ],
            "subnet_mapping": [
              {
                "allocation_id": "",
                "ipv6_address": "",
                "outpost_id": "",
                "private_ipv4_address": "",
                "subnet_id": "subnet-0787c940aea60c83c"
              },
              {
                "allocation_id": "",
                "ipv6_address": "",
                "outpost_id": "",
                "private_ipv4_address": "",
                "subnet_id": "subnet-094e78c6223011abc"
              }
            ],
            "subnets": [
              "subnet-0787c940aea60c83c",
              "subnet-094e78c6223011abc"
            ],
            "tags": null,
            "tags_all": {},
            "timeouts": null,
            "vpc_id": "vpc-0451bab1cecfbfe93",
            "zone_id": "Z3AADJGX6KTTL2"
          },
          "sensitive_attributes": [],
          "private": "eyJlMmJmYjczMC1lY2FhLTExZTYtOGY4OC0zNDM2M2JjN2M0YzAiOnsiY3JlYXRlIjo2MDAwMDAwMDAwMDAsImRlbGV0ZSI6NjAwMDAwMDAwMDAwLCJ1cGRhdGUiOjYwMDAwMDAwMDAwMH19",
          "dependencies": [
            "aws_security_group.manisg",
            "aws_subnet.public-1",
            "aws_subnet.public-2",
            "aws_vpc.manivpc"
          ]
        }
      ]
    },
    {
      "mode": "managed",
      "type": "aws_lb_listener",
      "name": "external-elb",
      "provider": "provider[\"registry.terraform.io/hashicorp/aws\"]",
      "instances": [
        {
          "schema_version": 0,
          "attributes": {
            "alpn_policy": null,
            "arn": "arn:aws:elasticloadbalancing:us-east-2:270513839158:listener/app/External-LB/34aaa777ac9d2724/df21c66046cbde6c",
            "certificate_arn": null,
            "default_action": [
              {
                "authenticate_cognito": [],
                "authenticate_oidc": [],
                "fixed_response": [],
                "forward": [],
                "order": 1,
                "redirect": [],
                "target_group_arn": "arn:aws:elasticloadbalancing:us-east-2:270513839158:targetgroup/ALB-TG/ca7652fa59cca735",
                "type": "forward"
              }
            ],
            "id": "arn:aws:elasticloadbalancing:us-east-2:270513839158:listener/app/External-LB/34aaa777ac9d2724/df21c66046cbde6c",
            "load_balancer_arn": "arn:aws:elasticloadbalancing:us-east-2:270513839158:loadbalancer/app/External-LB/34aaa777ac9d2724",
            "port": 80,
            "protocol": "HTTP",
            "ssl_policy": "",
            "tags": null,
            "tags_all": {},
            "timeouts": null
          },
          "sensitive_attributes": [],
          "private": "eyJlMmJmYjczMC1lY2FhLTExZTYtOGY4OC0zNDM2M2JjN2M0YzAiOnsicmVhZCI6NjAwMDAwMDAwMDAwfX0=",
          "dependencies": [
            "aws_lb.external-elb",
            "aws_lb_target_group.external-elb",
            "aws_security_group.manisg",
            "aws_subnet.public-1",
            "aws_subnet.public-2",
            "aws_vpc.manivpc"
          ]
        }
      ]
    },
    {
      "mode": "managed",
      "type": "aws_lb_target_group",
      "name": "external-elb",
      "provider": "provider[\"registry.terraform.io/hashicorp/aws\"]",
      "instances": [
        {
          "schema_version": 0,
          "attributes": {
            "arn": "arn:aws:elasticloadbalancing:us-east-2:270513839158:targetgroup/ALB-TG/ca7652fa59cca735",
            "arn_suffix": "targetgroup/ALB-TG/ca7652fa59cca735",
            "connection_termination": false,
            "deregistration_delay": "300",
            "health_check": [
              {
                "enabled": true,
                "healthy_threshold": 5,
                "interval": 30,
                "matcher": "200",
                "path": "/",
                "port": "traffic-port",
                "protocol": "HTTP",
                "timeout": 5,
                "unhealthy_threshold": 2
              }
            ],
            "id": "arn:aws:elasticloadbalancing:us-east-2:270513839158:targetgroup/ALB-TG/ca7652fa59cca735",
            "ip_address_type": null,
            "lambda_multi_value_headers_enabled": false,
            "load_balancing_algorithm_type": "round_robin",
            "name": "ALB-TG",
            "name_prefix": null,
            "port": 80,
            "preserve_client_ip": null,
            "protocol": "HTTP",
            "protocol_version": "HTTP1",
            "proxy_protocol_v2": false,
            "slow_start": 0,
            "stickiness": [
              {
                "cookie_duration": 86400,
                "cookie_name": "",
                "enabled": false,
                "type": "lb_cookie"
              }
            ],
            "tags": null,
            "tags_all": {},
            "target_type": "instance",
            "vpc_id": "vpc-0451bab1cecfbfe93"
          },
          "sensitive_attributes": [],
          "private": "bnVsbA==",
          "dependencies": [
            "aws_vpc.manivpc"
          ]
        }
      ]
    },
    {
      "mode": "managed",
      "type": "aws_lb_target_group_attachment",
      "name": "external-elb1",
      "provider": "provider[\"registry.terraform.io/hashicorp/aws\"]",
      "instances": [
        {
          "schema_version": 0,
          "attributes": {
            "availability_zone": null,
            "id": "arn:aws:elasticloadbalancing:us-east-2:270513839158:targetgroup/ALB-TG/ca7652fa59cca735-20220921055743160800000002",
            "port": 80,
            "target_group_arn": "arn:aws:elasticloadbalancing:us-east-2:270513839158:targetgroup/ALB-TG/ca7652fa59cca735",
            "target_id": "i-05b468910f69aec6c"
          },
          "sensitive_attributes": [],
          "private": "bnVsbA==",
          "dependencies": [
            "aws_instance.maniinstance1",
            "aws_lb_target_group.external-elb",
            "aws_security_group.manisg",
            "aws_subnet.public-1",
            "aws_vpc.manivpc"
          ]
        }
      ]
    },
    {
      "mode": "managed",
      "type": "aws_route_table",
      "name": "route",
      "provider": "provider[\"registry.terraform.io/hashicorp/aws\"]",
      "instances": [
        {
          "schema_version": 0,
          "attributes": {
            "arn": "arn:aws:ec2:us-east-2:270513839158:route-table/rtb-0273a04c45b578eb7",
            "id": "rtb-0273a04c45b578eb7",
            "owner_id": "270513839158",
            "propagating_vgws": [],
            "route": [
              {
                "carrier_gateway_id": "",
                "cidr_block": "0.0.0.0/0",
                "core_network_arn": "",
                "destination_prefix_list_id": "",
                "egress_only_gateway_id": "",
                "gateway_id": "igw-05d85f1ffd7dcb375",
                "instance_id": "",
                "ipv6_cidr_block": "",
                "local_gateway_id": "",
                "nat_gateway_id": "",
                "network_interface_id": "",
                "transit_gateway_id": "",
                "vpc_endpoint_id": "",
                "vpc_peering_connection_id": ""
              }
            ],
            "tags": {
              "Name": "Route to internet"
            },
            "tags_all": {
              "Name": "Route to internet"
            },
            "timeouts": null,
            "vpc_id": "vpc-0451bab1cecfbfe93"
          },
          "sensitive_attributes": [],
          "private": "eyJlMmJmYjczMC1lY2FhLTExZTYtOGY4OC0zNDM2M2JjN2M0YzAiOnsiY3JlYXRlIjozMDAwMDAwMDAwMDAsImRlbGV0ZSI6MzAwMDAwMDAwMDAwLCJ1cGRhdGUiOjEyMDAwMDAwMDAwMH19",
          "dependencies": [
            "aws_internet_gateway.maniigw",
            "aws_vpc.manivpc"
          ]
        }
      ]
    },
    {
      "mode": "managed",
      "type": "aws_route_table_association",
      "name": "rt1",
      "provider": "provider[\"registry.terraform.io/hashicorp/aws\"]",
      "instances": [
        {
          "schema_version": 0,
          "attributes": {
            "gateway_id": "",
            "id": "rtbassoc-03f2686cfcf10ecd5",
            "route_table_id": "rtb-0273a04c45b578eb7",
            "subnet_id": "subnet-094e78c6223011abc"
          },
          "sensitive_attributes": [],
          "private": "bnVsbA==",
          "dependencies": [
            "aws_internet_gateway.maniigw",
            "aws_route_table.route",
            "aws_subnet.public-1",
            "aws_vpc.manivpc"
          ]
        }
      ]
    },
    {
      "mode": "managed",
      "type": "aws_route_table_association",
      "name": "rt2",
      "provider": "provider[\"registry.terraform.io/hashicorp/aws\"]",
      "instances": [
        {
          "schema_version": 0,
          "attributes": {
            "gateway_id": "",
            "id": "rtbassoc-0ef682056804474be",
            "route_table_id": "rtb-0273a04c45b578eb7",
            "subnet_id": "subnet-0787c940aea60c83c"
          },
          "sensitive_attributes": [],
          "private": "bnVsbA==",
          "dependencies": [
            "aws_internet_gateway.maniigw",
            "aws_route_table.route",
            "aws_subnet.public-2",
            "aws_vpc.manivpc"
          ]
        }
      ]
    },
    {
      "mode": "managed",
      "type": "aws_security_group",
      "name": "manisg",
      "provider": "provider[\"registry.terraform.io/hashicorp/aws\"]",
      "instances": [
        {
          "schema_version": 1,
          "attributes": {
            "arn": "arn:aws:ec2:us-east-2:270513839158:security-group/sg-0704fb55fe5288e6e",
            "description": "Managed by Terraform",
            "egress": [
              {
                "cidr_blocks": [
                  "0.0.0.0/0"
                ],
                "description": "",
                "from_port": 0,
                "ipv6_cidr_blocks": [],
                "prefix_list_ids": [],
                "protocol": "-1",
                "security_groups": [],
                "self": false,
                "to_port": 0
              }
            ],
            "id": "sg-0704fb55fe5288e6e",
            "ingress": [
              {
                "cidr_blocks": [
                  "0.0.0.0/0"
                ],
                "description": "",
                "from_port": 22,
                "ipv6_cidr_blocks": [],
                "prefix_list_ids": [],
                "protocol": "tcp",
                "security_groups": [],
                "self": false,
                "to_port": 22
              },
              {
                "cidr_blocks": [
                  "0.0.0.0/0"
                ],
                "description": "",
                "from_port": 443,
                "ipv6_cidr_blocks": [],
                "prefix_list_ids": [],
                "protocol": "tcp",
                "security_groups": [],
                "self": false,
                "to_port": 443
              },
              {
                "cidr_blocks": [
                  "0.0.0.0/0"
                ],
                "description": "",
                "from_port": 80,
                "ipv6_cidr_blocks": [],
                "prefix_list_ids": [],
                "protocol": "tcp",
                "security_groups": [],
                "self": false,
                "to_port": 80
              }
            ],
            "name": "terraform-20220921055711285100000001",
            "name_prefix": "terraform-",
            "owner_id": "270513839158",
            "revoke_rules_on_delete": false,
            "tags": {
              "Name": "Web SG"
            },
            "tags_all": {
              "Name": "Web SG"
            },
            "timeouts": null,
            "vpc_id": "vpc-0451bab1cecfbfe93"
          },
          "sensitive_attributes": [],
          "private": "eyJlMmJmYjczMC1lY2FhLTExZTYtOGY4OC0zNDM2M2JjN2M0YzAiOnsiY3JlYXRlIjo2MDAwMDAwMDAwMDAsImRlbGV0ZSI6OTAwMDAwMDAwMDAwfSwic2NoZW1hX3ZlcnNpb24iOiIxIn0=",
          "dependencies": [
            "aws_vpc.manivpc"
          ]
        }
      ]
    },
    {
      "mode": "managed",
      "type": "aws_subnet",
      "name": "private",
      "provider": "provider[\"registry.terraform.io/hashicorp/aws\"]",
      "instances": [
        {
          "schema_version": 1,
          "attributes": {
            "arn": "arn:aws:ec2:us-east-2:270513839158:subnet/subnet-000702fe880c696a8",
            "assign_ipv6_address_on_creation": false,
            "availability_zone": "us-east-2a",
            "availability_zone_id": "use2-az1",
            "cidr_block": "192.168.255.0/24",
            "customer_owned_ipv4_pool": "",
            "enable_dns64": false,
            "enable_resource_name_dns_a_record_on_launch": false,
            "enable_resource_name_dns_aaaa_record_on_launch": false,
            "id": "subnet-000702fe880c696a8",
            "ipv6_cidr_block": "",
            "ipv6_cidr_block_association_id": "",
            "ipv6_native": false,
            "map_customer_owned_ip_on_launch": false,
            "map_public_ip_on_launch": false,
            "outpost_arn": "",
            "owner_id": "270513839158",
            "private_dns_hostname_type_on_launch": "ip-name",
            "tags": {
              "Name": "private"
            },
            "tags_all": {
              "Name": "private"
            },
            "timeouts": null,
            "vpc_id": "vpc-0451bab1cecfbfe93"
          },
          "sensitive_attributes": [],
          "private": "eyJlMmJmYjczMC1lY2FhLTExZTYtOGY4OC0zNDM2M2JjN2M0YzAiOnsiY3JlYXRlIjo2MDAwMDAwMDAwMDAsImRlbGV0ZSI6MTIwMDAwMDAwMDAwMH0sInNjaGVtYV92ZXJzaW9uIjoiMSJ9",
          "dependencies": [
            "aws_vpc.manivpc"
          ]
        }
      ]
    },
    {
      "mode": "managed",
      "type": "aws_subnet",
      "name": "public-1",
      "provider": "provider[\"registry.terraform.io/hashicorp/aws\"]",
      "instances": [
        {
          "schema_version": 1,
          "attributes": {
            "arn": "arn:aws:ec2:us-east-2:270513839158:subnet/subnet-094e78c6223011abc",
            "assign_ipv6_address_on_creation": false,
            "availability_zone": "us-east-2a",
            "availability_zone_id": "use2-az1",
            "cidr_block": "192.168.100.0/24",
            "customer_owned_ipv4_pool": "",
            "enable_dns64": false,
            "enable_resource_name_dns_a_record_on_launch": false,
            "enable_resource_name_dns_aaaa_record_on_launch": false,
            "id": "subnet-094e78c6223011abc",
            "ipv6_cidr_block": "",
            "ipv6_cidr_block_association_id": "",
            "ipv6_native": false,
            "map_customer_owned_ip_on_launch": false,
            "map_public_ip_on_launch": true,
            "outpost_arn": "",
            "owner_id": "270513839158",
            "private_dns_hostname_type_on_launch": "ip-name",
            "tags": {
              "Name": "public-1"
            },
            "tags_all": {
              "Name": "public-1"
            },
            "timeouts": null,
            "vpc_id": "vpc-0451bab1cecfbfe93"
          },
          "sensitive_attributes": [],
          "private": "eyJlMmJmYjczMC1lY2FhLTExZTYtOGY4OC0zNDM2M2JjN2M0YzAiOnsiY3JlYXRlIjo2MDAwMDAwMDAwMDAsImRlbGV0ZSI6MTIwMDAwMDAwMDAwMH0sInNjaGVtYV92ZXJzaW9uIjoiMSJ9",
          "dependencies": [
            "aws_vpc.manivpc"
          ]
        }
      ]
    },
    {
      "mode": "managed",
      "type": "aws_subnet",
      "name": "public-2",
      "provider": "provider[\"registry.terraform.io/hashicorp/aws\"]",
      "instances": [
        {
          "schema_version": 1,
          "attributes": {
            "arn": "arn:aws:ec2:us-east-2:270513839158:subnet/subnet-0787c940aea60c83c",
            "assign_ipv6_address_on_creation": false,
            "availability_zone": "us-east-2b",
            "availability_zone_id": "use2-az2",
            "cidr_block": "192.168.200.0/24",
            "customer_owned_ipv4_pool": "",
            "enable_dns64": false,
            "enable_resource_name_dns_a_record_on_launch": false,
            "enable_resource_name_dns_aaaa_record_on_launch": false,
            "id": "subnet-0787c940aea60c83c",
            "ipv6_cidr_block": "",
            "ipv6_cidr_block_association_id": "",
            "ipv6_native": false,
            "map_customer_owned_ip_on_launch": false,
            "map_public_ip_on_launch": true,
            "outpost_arn": "",
            "owner_id": "270513839158",
            "private_dns_hostname_type_on_launch": "ip-name",
            "tags": {
              "Name": "public-2"
            },
            "tags_all": {
              "Name": "public-2"
            },
            "timeouts": null,
            "vpc_id": "vpc-0451bab1cecfbfe93"
          },
          "sensitive_attributes": [],
          "private": "eyJlMmJmYjczMC1lY2FhLTExZTYtOGY4OC0zNDM2M2JjN2M0YzAiOnsiY3JlYXRlIjo2MDAwMDAwMDAwMDAsImRlbGV0ZSI6MTIwMDAwMDAwMDAwMH0sInNjaGVtYV92ZXJzaW9uIjoiMSJ9",
          "dependencies": [
            "aws_vpc.manivpc"
          ]
        }
      ]
    },
    {
      "mode": "managed",
      "type": "aws_vpc",
      "name": "manivpc",
      "provider": "provider[\"registry.terraform.io/hashicorp/aws\"]",
      "instances": [
        {
          "schema_version": 1,
          "attributes": {
            "arn": "arn:aws:ec2:us-east-2:270513839158:vpc/vpc-0451bab1cecfbfe93",
            "assign_generated_ipv6_cidr_block": false,
            "cidr_block": "192.168.0.0/16",
            "default_network_acl_id": "acl-0efbf986184b3161d",
            "default_route_table_id": "rtb-098995b0fe143d3e7",
            "default_security_group_id": "sg-0a371f966d983c63d",
            "dhcp_options_id": "dopt-03b4a6758ca00cb3c",
            "enable_classiclink": false,
            "enable_classiclink_dns_support": false,
            "enable_dns_hostnames": false,
            "enable_dns_support": true,
            "id": "vpc-0451bab1cecfbfe93",
            "instance_tenancy": "default",
            "ipv4_ipam_pool_id": null,
            "ipv4_netmask_length": null,
            "ipv6_association_id": "",
            "ipv6_cidr_block": "",
            "ipv6_cidr_block_network_border_group": "",
            "ipv6_ipam_pool_id": "",
            "ipv6_netmask_length": 0,
            "main_route_table_id": "rtb-098995b0fe143d3e7",
            "owner_id": "270513839158",
            "tags": {
              "Name": "maniVPC"
            },
            "tags_all": {
              "Name": "maniVPC"
            }
          },
          "sensitive_attributes": [],
          "private": "eyJzY2hlbWFfdmVyc2lvbiI6IjEifQ=="
        }
      ]
    },
    {
      "mode": "managed",
      "type": "local_file",
      "name": "key-pair",
      "provider": "provider[\"registry.terraform.io/hashicorp/local\"]",
      "instances": [
        {
          "schema_version": 0,
          "attributes": {
            "content": "-----BEGIN RSA PRIVATE KEY-----\nMIIJKAIBAAKCAgEA5mqi8ZlacD8m8JlGGTYU8HXSVYHC9S+JdEy0yWB4GrHH5wjk\nbS3+f5qetHOGq9ekxGxAncBzH5YTNqI8+aHOSLPKMgNAahOtDxfiZkf+NOhj2dSF\nntA7qf29BGSnEzt6ROIKwoLs5HEsfZqoQ6P9NbKv4zxKsw7fbwSDZ3cJczjyB3Ki\ntvLvkVdfHudwqu1gx+moYb+6uW364Uva4rvXxZYZRsN5xUH9MEFloH0zv+RFNXZX\ne2pfjMNmN+IousommjPCU3TtISB9Dh0YKmVHYra20Sm2rNrlYRFCaCC4uhLy2CA9\n1Jsz8K5iTXnvQCpt/n9ixjlnKI3kTwQ0JSLUIRW08JfCID2DWLIJKwZiGTnfddP2\n1IWEVeVs7tx5O+jVy7uwz/bjAyBv2rJ+ESsKT9qZU9yIEWk1ZUF+1HspXrKa22UZ\nhOUjsJuwzeMmtBLVIWAm3Yw4HgkeHxhRWqg3NwozXlvzl8EbCVzZz5pCG3/wQCz0\nVqHgXtogmhmKK899x4Gxiyeg/pfdKqLKnChO7SNLRxqxvX4fPTdjF7ubS3hWliyU\nJG+ojvfUwQUTjtGcWcISwsiDwb2dJ6n9ueVh+MQJ0W01HDKno/EUOC1xYihZZikH\nWXu7y1MYS2Z+0rpLb9DYIWYxX1v8LKcCf2ns0zOZyZy83bF+nPNL0aEIuYMCAwEA\nAQKCAgEAsFGNmt9Ey3wn6hkAAS7XWyJt76y6aTEVN/+yoB7ICXVdiTfOxJVbmH3T\nUDbPKRR9KynDUHQCJHuM/FOt4UCmQBAEe7ztP78KwO//+VDB/+6M6hWsoliqL2zR\nhVkYWKk86RUoMqxJZo4MA5mjhQ8qJjs0SOjMKLUK2UNU4om+m4NKAdUBGopQNKHt\nUhK8rq+zTYdJqHM1CcxVHK4VM0eW18YCVZojxoS2oISKpgLo5MBjDYQfcXt23ppv\nz/eqPzWN0JYm8AIbqyvXRkORSG/z7l/vCaOn/CINQPgaHuBbO1hgqG4TomuZlWV8\nJ9lU8X8GaKdGCHXIsMnTmXuYA4rhU3QyGESsgIAtVpU4yJ/HK6xTT5t16E6Fsb7U\nF4CcqwgL/SuS1HlOHrEXspd3nt6hLEtP893iR3Y0yZ56Su8HolNNCWdDG2pbO1JC\n8imBI9w3GEUkpWV4LKf0p7vWSRR8L9lKdoS3G+jTdQ1Z9H2RsquG74S37GodhpoA\nYQWjMJlCruLLtR3ZFXMVpZrAQxGVVfdRrWRDJKg0O/smZlTmHmaeasn8/TqjcCOm\nzb1hfUpU6I7z9yUh4IyzV36YsJM6at2gSi7SZBIwuKJEls/U+FCTXoSsC54naLKv\nIZeKVxsNMcxS0xOF/8wx14BD2ZbDEglpX4y4LDlv0nsF5PFUfqECggEBAPYgHpPv\n1P/vKY4FTVRGcPhs/IzVbfOTZvUvZ+1AsPeBXKzHmqK+fzj61VYZH4k0pIW/mlDV\nt0ztKledDu7Gx/KTr1mqKzihakEMOqOk60UD7HCCAAZFxTe+wHqkDt5SHjU5277T\n/+i7BipQkUPUhCHDgYHMmR+7UtitRexWywWW1siGWundL9VRj++QDUiZqnejZMdi\nOcIUMhZ1v2E/RoLAJul7r1oLtZGE90ewfHQcRghDp0fiMMfo1o//4oRQ8Xx/TLjb\nBM0DWzyS/ayO8X+LLLb4v2Y1lg0+pmeywS/ne6CKQC12LpU/WuQgrztiueldOme7\nxSkGw1utnzE7zBkCggEBAO+pLOzq/ACMTHLtM7TygY3zgAhTLCuXmZh7PbWRU0Rw\naVfd/OvUmKdR4cPdfpI+pcPN/5fQgOyNU/s6ZFvOV4TJShl6/uezE8eI3//1Co49\nE5dRa981mwue2mGyYCmhxlKMX3zNbMhMa9wZMksAuj8+Dfduq1CpAnO9Sl2CpxPx\ns0P7hXYO7op1q8nfshOZqBZLZM0v9oL6eQPmYo5C+BoaNcLGazlczUaLphE69Kgp\nEXhieq3ILgHyKgfUAe6nvRuvmYvea7P8Akk37hBRLi2kLTbpSQAPFK8esGfsY1n0\npZ6sr+Nde2+8Mrq1Kxp0SZkoc8YkYoMeQ14Dx8soJfsCggEAAdcXo2+FnixBmUg8\n3cZxDcpy0PK/kbSmbmreUg3LxO34rWoIo/LcrKZjdfNWIwZ7vGxEURpn9nFHgcQw\n2mQuFog4JWl6TUAXtUjMH3EaOTfgSq8OJP3cjaAlfEVBvzPJ+gfmtrSLE0hisWpM\ny78JBd+aVkgbVPtnkSsqfKvhdLc9/93RTDJVKzki5F2lW8eaWK6mED+Rwvu3rCdR\nOP7qHgwlvlUoaHnx75aY6rZNF+kmNOWcmJL+XmBFSmpVXTvlslKZVkB89rNxuTA4\nKVQgRh3aRbvyYmdAKfUv9VKG0z7d08N022Io0wDYQyBjbwQ785y41RG4VagxSbww\nloOl8QKCAQBI/cVpAshtgk1mU0gEPDeo/BhqcKprPGjTP/WzbudlWLc8w6dcTAuS\nKiYQeU0rTVk/IWZO3nnlkcWaJlaaf2W4U3X1/LfV6XyEsPNICWGFoKRu2aV4/eKS\nz3bDeog/Jb45Nfd/EzGmb2AKUMI4hagzyrqGOXaDwnW0uloD0N8B/AMVGW20XyfX\nk68WdMLPpWTEJYI12/3ANnjU7z3lBhB6IrFs+PF/Lvx2F+IkLUiGTru7ZoLmmqko\nfpC+gZt1DDFUVU72gm9bCc3Ibvhaj974l6ANsU9CbVVnYHlprV008IXgpceL/9Sw\nWyk4JCVUkUY5F1Drb/lw5a6u24fmH/wxAoIBACBPGkPLnvz4rHDdZuGZeChV8Ius\neuLg2KzBk16G0/3sFx61XczW2yGMw8wJKi68Bc0Z9vYAvG01hS3jekqPqnUTcr9u\nn5W60/3rCermRqd+cYy8rezyra4Xr7q0OlQLKqKJ7/Vz/aL1IKd30sCSv3jTIRyb\nssxoUiu/ROj0Qm6TgY1if0+5hUG5TalUrz+aKCDag7ThV4DrWuQRREEvuxw0gDGj\nXja+nWRGhxMRL58HaUP64kxVRfSszvg+64fk/MqtoqFB9RglzWYISiL5ynKJq5BC\nnDBWuuv26lOJAAh/UmcjaC+tvj2Oi/7HjC3b+w33LG7sKOchCCZCCeK7V5Y=\n-----END RSA PRIVATE KEY-----\n",
            "content_base64": null,
            "directory_permission": "0777",
            "file_permission": "0777",
            "filename": "tests",
            "id": "c558a38af61069c5e5f2c5e6e778ffa43ff7cefa",
            "sensitive_content": null,
            "source": null
          },
          "sensitive_attributes": [
            [
              {
                "type": "get_attr",
                "value": "content"
              }
            ]
          ],
          "private": "bnVsbA==",
          "dependencies": [
            "tls_private_key.rsa"
          ]
        }
      ]
    },
    {
      "mode": "managed",
      "type": "tls_private_key",
      "name": "rsa",
      "provider": "provider[\"registry.terraform.io/hashicorp/tls\"]",
      "instances": [
        {
          "schema_version": 1,
          "attributes": {
            "algorithm": "RSA",
            "ecdsa_curve": "P224",
            "id": "c1076bce825594ca2a4dfd2ac150e42b09f0e5ab",
            "private_key_openssh": "-----BEGIN OPENSSH PRIVATE KEY-----\nb3BlbnNzaC1rZXktdjEAAAAABG5vbmUAAAAEbm9uZQAAAAAAAAABAAACFwAAAAdz\nc2gtcnNhAAAAAwEAAQAAAgEA5mqi8ZlacD8m8JlGGTYU8HXSVYHC9S+JdEy0yWB4\nGrHH5wjkbS3+f5qetHOGq9ekxGxAncBzH5YTNqI8+aHOSLPKMgNAahOtDxfiZkf+\nNOhj2dSFntA7qf29BGSnEzt6ROIKwoLs5HEsfZqoQ6P9NbKv4zxKsw7fbwSDZ3cJ\nczjyB3KitvLvkVdfHudwqu1gx+moYb+6uW364Uva4rvXxZYZRsN5xUH9MEFloH0z\nv+RFNXZXe2pfjMNmN+IousommjPCU3TtISB9Dh0YKmVHYra20Sm2rNrlYRFCaCC4\nuhLy2CA91Jsz8K5iTXnvQCpt/n9ixjlnKI3kTwQ0JSLUIRW08JfCID2DWLIJKwZi\nGTnfddP21IWEVeVs7tx5O+jVy7uwz/bjAyBv2rJ+ESsKT9qZU9yIEWk1ZUF+1Hsp\nXrKa22UZhOUjsJuwzeMmtBLVIWAm3Yw4HgkeHxhRWqg3NwozXlvzl8EbCVzZz5pC\nG3/wQCz0VqHgXtogmhmKK899x4Gxiyeg/pfdKqLKnChO7SNLRxqxvX4fPTdjF7ub\nS3hWliyUJG+ojvfUwQUTjtGcWcISwsiDwb2dJ6n9ueVh+MQJ0W01HDKno/EUOC1x\nYihZZikHWXu7y1MYS2Z+0rpLb9DYIWYxX1v8LKcCf2ns0zOZyZy83bF+nPNL0aEI\nuYMAAAc4S8xl30vMZd8AAAAHc3NoLXJzYQAAAgEA5mqi8ZlacD8m8JlGGTYU8HXS\nVYHC9S+JdEy0yWB4GrHH5wjkbS3+f5qetHOGq9ekxGxAncBzH5YTNqI8+aHOSLPK\nMgNAahOtDxfiZkf+NOhj2dSFntA7qf29BGSnEzt6ROIKwoLs5HEsfZqoQ6P9NbKv\n4zxKsw7fbwSDZ3cJczjyB3KitvLvkVdfHudwqu1gx+moYb+6uW364Uva4rvXxZYZ\nRsN5xUH9MEFloH0zv+RFNXZXe2pfjMNmN+IousommjPCU3TtISB9Dh0YKmVHYra2\n0Sm2rNrlYRFCaCC4uhLy2CA91Jsz8K5iTXnvQCpt/n9ixjlnKI3kTwQ0JSLUIRW0\n8JfCID2DWLIJKwZiGTnfddP21IWEVeVs7tx5O+jVy7uwz/bjAyBv2rJ+ESsKT9qZ\nU9yIEWk1ZUF+1HspXrKa22UZhOUjsJuwzeMmtBLVIWAm3Yw4HgkeHxhRWqg3Nwoz\nXlvzl8EbCVzZz5pCG3/wQCz0VqHgXtogmhmKK899x4Gxiyeg/pfdKqLKnChO7SNL\nRxqxvX4fPTdjF7ubS3hWliyUJG+ojvfUwQUTjtGcWcISwsiDwb2dJ6n9ueVh+MQJ\n0W01HDKno/EUOC1xYihZZikHWXu7y1MYS2Z+0rpLb9DYIWYxX1v8LKcCf2ns0zOZ\nyZy83bF+nPNL0aEIuYMAAAADAQABAAACAQCwUY2a30TLfCfqGQABLtdbIm3vrLpp\nMRU3/7KgHsgJdV2JN87ElVuYfdNQNs8pFH0rKcNQdAIke4z8U63hQKZAEAR7vO0/\nvwrA7//5UMH/7ozqFayiWKovbNGFWRhYqTzpFSgyrElmjgwDmaOFDyomOzRI6Mwo\ntQrZQ1Tiib6bg0oB1QEailA0oe1SEryur7NNh0moczUJzFUcrhUzR5bXxgJVmiPG\nhLaghIqmAujkwGMNhB9xe3bemm/P96o/NY3QlibwAhurK9dGQ5FIb/PuX+8Jo6f8\nIg1A+Boe4Fs7WGCobhOia5mVZXwn2VTxfwZop0YIdciwydOZe5gDiuFTdDIYRKyA\ngC1WlTjIn8crrFNPm3XoToWxvtQXgJyrCAv9K5LUeU4esReyl3ee3qEsS0/z3eJH\ndjTJnnpK7weiU00JZ0Mbals7UkLyKYEj3DcYRSSlZXgsp/Snu9ZJFHwv2Up2hLcb\n6NN1DVn0fZGyq4bvhLfsah2GmgBhBaMwmUKu4su1HdkVcxWlmsBDEZVV91GtZEMk\nqDQ7+yZmVOYeZp5qyfz9OqNwI6bNvWF9SlTojvP3JSHgjLNXfpiwkzpq3aBKLtJk\nEjC4okSWz9T4UJNehKwLnidosq8hl4pXGw0xzFLTE4X/zDHXgEPZlsMSCWlfjLgs\nOW/SewXk8VR+oQAAAQAgTxpDy578+Kxw3WbhmXgoVfCLrHri4NiswZNehtP97Bce\ntV3M1tshjMPMCSouvAXNGfb2ALxtNYUt43pKj6p1E3K/bp+VutP96wnq5kanfnGM\nvK3s8q2uF6+6tDpUCyqiie/1c/2i9SCnd9LAkr940yEcm7LMaFIrv0To9EJuk4GN\nYn9PuYVBuU2pVK8/migg2oO04VeA61rkEURBL7scNIAxo142vp1kRocTES+fB2lD\n+uJMVUX0rM74PuuH5PzKraKhQfUYJc1mCEoi+cpyiauQQpwwVrrr9upTiQAIf1Jn\nI2gvrb49jov+x4wt2/sN9yxu7CjnIQgmQgniu1eWAAABAQD2IB6T79T/7ymOBU1U\nRnD4bPyM1W3zk2b1L2ftQLD3gVysx5qivn84+tVWGR+JNKSFv5pQ1bdM7SpXnQ7u\nxsfyk69Zqis4oWpBDDqjpOtFA+xwggAGRcU3vsB6pA7eUh41Odu+0//ouwYqUJFD\n1IQhw4GBzJkfu1LYrUXsVssFltbIhlrp3S/VUY/vkA1Imap3o2THYjnCFDIWdb9h\nP0aCwCbpe69aC7WRhPdHsHx0HEYIQ6dH4jDH6NaP/+KEUPF8f0y42wTNA1s8kv2s\njvF/iyy2+L9mNZYNPqZnssEv53ugikAtdi6VP1rkIK87YrnpXTpnu8UpBsNbrZ8x\nO8wZAAABAQDvqSzs6vwAjExy7TO08oGN84AIUywrl5mYez21kVNEcGlX3fzr1Jin\nUeHD3X6SPqXDzf+X0IDsjVP7OmRbzleEyUoZev7nsxPHiN//9QqOPROXUWvfNZsL\nntphsmApocZSjF98zWzITGvcGTJLALo/Pg33bqtQqQJzvUpdgqcT8bND+4V2Du6K\ndavJ37ITmagWS2TNL/aC+nkD5mKOQvgaGjXCxms5XM1Gi6YROvSoKRF4YnqtyC4B\n8ioH1AHup70br5mL3muz/AJJN+4QUS4tpC026UkADxSvHrBn7GNZ9KWerK/jXXtv\nvDK6tSsadEmZKHPGJGKDHkNeA8fLKCX7AAAAAAEC\n-----END OPENSSH PRIVATE KEY-----\n",
            "private_key_pem": "-----BEGIN RSA PRIVATE KEY-----\nMIIJKAIBAAKCAgEA5mqi8ZlacD8m8JlGGTYU8HXSVYHC9S+JdEy0yWB4GrHH5wjk\nbS3+f5qetHOGq9ekxGxAncBzH5YTNqI8+aHOSLPKMgNAahOtDxfiZkf+NOhj2dSF\nntA7qf29BGSnEzt6ROIKwoLs5HEsfZqoQ6P9NbKv4zxKsw7fbwSDZ3cJczjyB3Ki\ntvLvkVdfHudwqu1gx+moYb+6uW364Uva4rvXxZYZRsN5xUH9MEFloH0zv+RFNXZX\ne2pfjMNmN+IousommjPCU3TtISB9Dh0YKmVHYra20Sm2rNrlYRFCaCC4uhLy2CA9\n1Jsz8K5iTXnvQCpt/n9ixjlnKI3kTwQ0JSLUIRW08JfCID2DWLIJKwZiGTnfddP2\n1IWEVeVs7tx5O+jVy7uwz/bjAyBv2rJ+ESsKT9qZU9yIEWk1ZUF+1HspXrKa22UZ\nhOUjsJuwzeMmtBLVIWAm3Yw4HgkeHxhRWqg3NwozXlvzl8EbCVzZz5pCG3/wQCz0\nVqHgXtogmhmKK899x4Gxiyeg/pfdKqLKnChO7SNLRxqxvX4fPTdjF7ubS3hWliyU\nJG+ojvfUwQUTjtGcWcISwsiDwb2dJ6n9ueVh+MQJ0W01HDKno/EUOC1xYihZZikH\nWXu7y1MYS2Z+0rpLb9DYIWYxX1v8LKcCf2ns0zOZyZy83bF+nPNL0aEIuYMCAwEA\nAQKCAgEAsFGNmt9Ey3wn6hkAAS7XWyJt76y6aTEVN/+yoB7ICXVdiTfOxJVbmH3T\nUDbPKRR9KynDUHQCJHuM/FOt4UCmQBAEe7ztP78KwO//+VDB/+6M6hWsoliqL2zR\nhVkYWKk86RUoMqxJZo4MA5mjhQ8qJjs0SOjMKLUK2UNU4om+m4NKAdUBGopQNKHt\nUhK8rq+zTYdJqHM1CcxVHK4VM0eW18YCVZojxoS2oISKpgLo5MBjDYQfcXt23ppv\nz/eqPzWN0JYm8AIbqyvXRkORSG/z7l/vCaOn/CINQPgaHuBbO1hgqG4TomuZlWV8\nJ9lU8X8GaKdGCHXIsMnTmXuYA4rhU3QyGESsgIAtVpU4yJ/HK6xTT5t16E6Fsb7U\nF4CcqwgL/SuS1HlOHrEXspd3nt6hLEtP893iR3Y0yZ56Su8HolNNCWdDG2pbO1JC\n8imBI9w3GEUkpWV4LKf0p7vWSRR8L9lKdoS3G+jTdQ1Z9H2RsquG74S37GodhpoA\nYQWjMJlCruLLtR3ZFXMVpZrAQxGVVfdRrWRDJKg0O/smZlTmHmaeasn8/TqjcCOm\nzb1hfUpU6I7z9yUh4IyzV36YsJM6at2gSi7SZBIwuKJEls/U+FCTXoSsC54naLKv\nIZeKVxsNMcxS0xOF/8wx14BD2ZbDEglpX4y4LDlv0nsF5PFUfqECggEBAPYgHpPv\n1P/vKY4FTVRGcPhs/IzVbfOTZvUvZ+1AsPeBXKzHmqK+fzj61VYZH4k0pIW/mlDV\nt0ztKledDu7Gx/KTr1mqKzihakEMOqOk60UD7HCCAAZFxTe+wHqkDt5SHjU5277T\n/+i7BipQkUPUhCHDgYHMmR+7UtitRexWywWW1siGWundL9VRj++QDUiZqnejZMdi\nOcIUMhZ1v2E/RoLAJul7r1oLtZGE90ewfHQcRghDp0fiMMfo1o//4oRQ8Xx/TLjb\nBM0DWzyS/ayO8X+LLLb4v2Y1lg0+pmeywS/ne6CKQC12LpU/WuQgrztiueldOme7\nxSkGw1utnzE7zBkCggEBAO+pLOzq/ACMTHLtM7TygY3zgAhTLCuXmZh7PbWRU0Rw\naVfd/OvUmKdR4cPdfpI+pcPN/5fQgOyNU/s6ZFvOV4TJShl6/uezE8eI3//1Co49\nE5dRa981mwue2mGyYCmhxlKMX3zNbMhMa9wZMksAuj8+Dfduq1CpAnO9Sl2CpxPx\ns0P7hXYO7op1q8nfshOZqBZLZM0v9oL6eQPmYo5C+BoaNcLGazlczUaLphE69Kgp\nEXhieq3ILgHyKgfUAe6nvRuvmYvea7P8Akk37hBRLi2kLTbpSQAPFK8esGfsY1n0\npZ6sr+Nde2+8Mrq1Kxp0SZkoc8YkYoMeQ14Dx8soJfsCggEAAdcXo2+FnixBmUg8\n3cZxDcpy0PK/kbSmbmreUg3LxO34rWoIo/LcrKZjdfNWIwZ7vGxEURpn9nFHgcQw\n2mQuFog4JWl6TUAXtUjMH3EaOTfgSq8OJP3cjaAlfEVBvzPJ+gfmtrSLE0hisWpM\ny78JBd+aVkgbVPtnkSsqfKvhdLc9/93RTDJVKzki5F2lW8eaWK6mED+Rwvu3rCdR\nOP7qHgwlvlUoaHnx75aY6rZNF+kmNOWcmJL+XmBFSmpVXTvlslKZVkB89rNxuTA4\nKVQgRh3aRbvyYmdAKfUv9VKG0z7d08N022Io0wDYQyBjbwQ785y41RG4VagxSbww\nloOl8QKCAQBI/cVpAshtgk1mU0gEPDeo/BhqcKprPGjTP/WzbudlWLc8w6dcTAuS\nKiYQeU0rTVk/IWZO3nnlkcWaJlaaf2W4U3X1/LfV6XyEsPNICWGFoKRu2aV4/eKS\nz3bDeog/Jb45Nfd/EzGmb2AKUMI4hagzyrqGOXaDwnW0uloD0N8B/AMVGW20XyfX\nk68WdMLPpWTEJYI12/3ANnjU7z3lBhB6IrFs+PF/Lvx2F+IkLUiGTru7ZoLmmqko\nfpC+gZt1DDFUVU72gm9bCc3Ibvhaj974l6ANsU9CbVVnYHlprV008IXgpceL/9Sw\nWyk4JCVUkUY5F1Drb/lw5a6u24fmH/wxAoIBACBPGkPLnvz4rHDdZuGZeChV8Ius\neuLg2KzBk16G0/3sFx61XczW2yGMw8wJKi68Bc0Z9vYAvG01hS3jekqPqnUTcr9u\nn5W60/3rCermRqd+cYy8rezyra4Xr7q0OlQLKqKJ7/Vz/aL1IKd30sCSv3jTIRyb\nssxoUiu/ROj0Qm6TgY1if0+5hUG5TalUrz+aKCDag7ThV4DrWuQRREEvuxw0gDGj\nXja+nWRGhxMRL58HaUP64kxVRfSszvg+64fk/MqtoqFB9RglzWYISiL5ynKJq5BC\nnDBWuuv26lOJAAh/UmcjaC+tvj2Oi/7HjC3b+w33LG7sKOchCCZCCeK7V5Y=\n-----END RSA PRIVATE KEY-----\n",
            "private_key_pem_pkcs8": "-----BEGIN PRIVATE KEY-----\nMIIJQgIBADANBgkqhkiG9w0BAQEFAASCCSwwggkoAgEAAoICAQDmaqLxmVpwPybw\nmUYZNhTwddJVgcL1L4l0TLTJYHgascfnCORtLf5/mp60c4ar16TEbECdwHMflhM2\nojz5oc5Is8oyA0BqE60PF+JmR/406GPZ1IWe0Dup/b0EZKcTO3pE4grCguzkcSx9\nmqhDo/01sq/jPEqzDt9vBINndwlzOPIHcqK28u+RV18e53Cq7WDH6ahhv7q5bfrh\nS9riu9fFlhlGw3nFQf0wQWWgfTO/5EU1dld7al+Mw2Y34ii6yiaaM8JTdO0hIH0O\nHRgqZUditrbRKbas2uVhEUJoILi6EvLYID3UmzPwrmJNee9AKm3+f2LGOWcojeRP\nBDQlItQhFbTwl8IgPYNYsgkrBmIZOd910/bUhYRV5Wzu3Hk76NXLu7DP9uMDIG/a\nsn4RKwpP2plT3IgRaTVlQX7UeylesprbZRmE5SOwm7DN4ya0EtUhYCbdjDgeCR4f\nGFFaqDc3CjNeW/OXwRsJXNnPmkIbf/BALPRWoeBe2iCaGYorz33HgbGLJ6D+l90q\nosqcKE7tI0tHGrG9fh89N2MXu5tLeFaWLJQkb6iO99TBBROO0ZxZwhLCyIPBvZ0n\nqf255WH4xAnRbTUcMqej8RQ4LXFiKFlmKQdZe7vLUxhLZn7Suktv0NghZjFfW/ws\npwJ/aezTM5nJnLzdsX6c80vRoQi5gwIDAQABAoICAQCwUY2a30TLfCfqGQABLtdb\nIm3vrLppMRU3/7KgHsgJdV2JN87ElVuYfdNQNs8pFH0rKcNQdAIke4z8U63hQKZA\nEAR7vO0/vwrA7//5UMH/7ozqFayiWKovbNGFWRhYqTzpFSgyrElmjgwDmaOFDyom\nOzRI6MwotQrZQ1Tiib6bg0oB1QEailA0oe1SEryur7NNh0moczUJzFUcrhUzR5bX\nxgJVmiPGhLaghIqmAujkwGMNhB9xe3bemm/P96o/NY3QlibwAhurK9dGQ5FIb/Pu\nX+8Jo6f8Ig1A+Boe4Fs7WGCobhOia5mVZXwn2VTxfwZop0YIdciwydOZe5gDiuFT\ndDIYRKyAgC1WlTjIn8crrFNPm3XoToWxvtQXgJyrCAv9K5LUeU4esReyl3ee3qEs\nS0/z3eJHdjTJnnpK7weiU00JZ0Mbals7UkLyKYEj3DcYRSSlZXgsp/Snu9ZJFHwv\n2Up2hLcb6NN1DVn0fZGyq4bvhLfsah2GmgBhBaMwmUKu4su1HdkVcxWlmsBDEZVV\n91GtZEMkqDQ7+yZmVOYeZp5qyfz9OqNwI6bNvWF9SlTojvP3JSHgjLNXfpiwkzpq\n3aBKLtJkEjC4okSWz9T4UJNehKwLnidosq8hl4pXGw0xzFLTE4X/zDHXgEPZlsMS\nCWlfjLgsOW/SewXk8VR+oQKCAQEA9iAek+/U/+8pjgVNVEZw+Gz8jNVt85Nm9S9n\n7UCw94FcrMeaor5/OPrVVhkfiTSkhb+aUNW3TO0qV50O7sbH8pOvWaorOKFqQQw6\no6TrRQPscIIABkXFN77AeqQO3lIeNTnbvtP/6LsGKlCRQ9SEIcOBgcyZH7tS2K1F\n7FbLBZbWyIZa6d0v1VGP75ANSJmqd6Nkx2I5whQyFnW/YT9GgsAm6XuvWgu1kYT3\nR7B8dBxGCEOnR+Iwx+jWj//ihFDxfH9MuNsEzQNbPJL9rI7xf4sstvi/ZjWWDT6m\nZ7LBL+d7oIpALXYulT9a5CCvO2K56V06Z7vFKQbDW62fMTvMGQKCAQEA76ks7Or8\nAIxMcu0ztPKBjfOACFMsK5eZmHs9tZFTRHBpV93869SYp1Hhw91+kj6lw83/l9CA\n7I1T+zpkW85XhMlKGXr+57MTx4jf//UKjj0Tl1Fr3zWbC57aYbJgKaHGUoxffM1s\nyExr3BkySwC6Pz4N926rUKkCc71KXYKnE/GzQ/uFdg7uinWryd+yE5moFktkzS/2\ngvp5A+ZijkL4Gho1wsZrOVzNRoumETr0qCkReGJ6rcguAfIqB9QB7qe9G6+Zi95r\ns/wCSTfuEFEuLaQtNulJAA8Urx6wZ+xjWfSlnqyv4117b7wyurUrGnRJmShzxiRi\ngx5DXgPHyygl+wKCAQAB1xejb4WeLEGZSDzdxnENynLQ8r+RtKZuat5SDcvE7fit\nagij8tyspmN181YjBnu8bERRGmf2cUeBxDDaZC4WiDglaXpNQBe1SMwfcRo5N+BK\nrw4k/dyNoCV8RUG/M8n6B+a2tIsTSGKxakzLvwkF35pWSBtU+2eRKyp8q+F0tz3/\n3dFMMlUrOSLkXaVbx5pYrqYQP5HC+7esJ1E4/uoeDCW+VShoefHvlpjqtk0X6SY0\n5ZyYkv5eYEVKalVdO+WyUplWQHz2s3G5MDgpVCBGHdpFu/JiZ0Ap9S/1UobTPt3T\nw3TbYijTANhDIGNvBDvznLjVEbhVqDFJvDCWg6XxAoIBAEj9xWkCyG2CTWZTSAQ8\nN6j8GGpwqms8aNM/9bNu52VYtzzDp1xMC5IqJhB5TStNWT8hZk7eeeWRxZomVpp/\nZbhTdfX8t9XpfISw80gJYYWgpG7ZpXj94pLPdsN6iD8lvjk1938TMaZvYApQwjiF\nqDPKuoY5doPCdbS6WgPQ3wH8AxUZbbRfJ9eTrxZ0ws+lZMQlgjXb/cA2eNTvPeUG\nEHoisWz48X8u/HYX4iQtSIZOu7tmguaaqSh+kL6Bm3UMMVRVTvaCb1sJzchu+FqP\n3viXoA2xT0JtVWdgeWmtXTTwheClx4v/1LBbKTgkJVSRRjkXUOtv+XDlrq7bh+Yf\n/DECggEAIE8aQ8ue/PiscN1m4Zl4KFXwi6x64uDYrMGTXobT/ewXHrVdzNbbIYzD\nzAkqLrwFzRn29gC8bTWFLeN6So+qdRNyv26flbrT/esJ6uZGp35xjLyt7PKtrhev\nurQ6VAsqoonv9XP9ovUgp3fSwJK/eNMhHJuyzGhSK79E6PRCbpOBjWJ/T7mFQblN\nqVSvP5ooINqDtOFXgOta5BFEQS+7HDSAMaNeNr6dZEaHExEvnwdpQ/riTFVF9KzO\n+D7rh+T8yq2ioUH1GCXNZghKIvnKcomrkEKcMFa66/bqU4kACH9SZyNoL62+PY6L\n/seMLdv7Dfcsbuwo5yEIJkIJ4rtXlg==\n-----END PRIVATE KEY-----\n",
            "public_key_fingerprint_md5": "e6:a7:6f:27:f3:87:62:b0:14:95:b4:f3:82:0a:57:3b",
            "public_key_fingerprint_sha256": "SHA256:iKDr2h7aLWmAVP69OmcD9vN0eRnD6rNfzzp31GrZ4+g",
            "public_key_openssh": "ssh-rsa AAAAB3NzaC1yc2EAAAADAQABAAACAQDmaqLxmVpwPybwmUYZNhTwddJVgcL1L4l0TLTJYHgascfnCORtLf5/mp60c4ar16TEbECdwHMflhM2ojz5oc5Is8oyA0BqE60PF+JmR/406GPZ1IWe0Dup/b0EZKcTO3pE4grCguzkcSx9mqhDo/01sq/jPEqzDt9vBINndwlzOPIHcqK28u+RV18e53Cq7WDH6ahhv7q5bfrhS9riu9fFlhlGw3nFQf0wQWWgfTO/5EU1dld7al+Mw2Y34ii6yiaaM8JTdO0hIH0OHRgqZUditrbRKbas2uVhEUJoILi6EvLYID3UmzPwrmJNee9AKm3+f2LGOWcojeRPBDQlItQhFbTwl8IgPYNYsgkrBmIZOd910/bUhYRV5Wzu3Hk76NXLu7DP9uMDIG/asn4RKwpP2plT3IgRaTVlQX7UeylesprbZRmE5SOwm7DN4ya0EtUhYCbdjDgeCR4fGFFaqDc3CjNeW/OXwRsJXNnPmkIbf/BALPRWoeBe2iCaGYorz33HgbGLJ6D+l90qosqcKE7tI0tHGrG9fh89N2MXu5tLeFaWLJQkb6iO99TBBROO0ZxZwhLCyIPBvZ0nqf255WH4xAnRbTUcMqej8RQ4LXFiKFlmKQdZe7vLUxhLZn7Suktv0NghZjFfW/wspwJ/aezTM5nJnLzdsX6c80vRoQi5gw==\n",
            "public_key_pem": "-----BEGIN PUBLIC KEY-----\nMIICIjANBgkqhkiG9w0BAQEFAAOCAg8AMIICCgKCAgEA5mqi8ZlacD8m8JlGGTYU\n8HXSVYHC9S+JdEy0yWB4GrHH5wjkbS3+f5qetHOGq9ekxGxAncBzH5YTNqI8+aHO\nSLPKMgNAahOtDxfiZkf+NOhj2dSFntA7qf29BGSnEzt6ROIKwoLs5HEsfZqoQ6P9\nNbKv4zxKsw7fbwSDZ3cJczjyB3KitvLvkVdfHudwqu1gx+moYb+6uW364Uva4rvX\nxZYZRsN5xUH9MEFloH0zv+RFNXZXe2pfjMNmN+IousommjPCU3TtISB9Dh0YKmVH\nYra20Sm2rNrlYRFCaCC4uhLy2CA91Jsz8K5iTXnvQCpt/n9ixjlnKI3kTwQ0JSLU\nIRW08JfCID2DWLIJKwZiGTnfddP21IWEVeVs7tx5O+jVy7uwz/bjAyBv2rJ+ESsK\nT9qZU9yIEWk1ZUF+1HspXrKa22UZhOUjsJuwzeMmtBLVIWAm3Yw4HgkeHxhRWqg3\nNwozXlvzl8EbCVzZz5pCG3/wQCz0VqHgXtogmhmKK899x4Gxiyeg/pfdKqLKnChO\n7SNLRxqxvX4fPTdjF7ubS3hWliyUJG+ojvfUwQUTjtGcWcISwsiDwb2dJ6n9ueVh\n+MQJ0W01HDKno/EUOC1xYihZZikHWXu7y1MYS2Z+0rpLb9DYIWYxX1v8LKcCf2ns\n0zOZyZy83bF+nPNL0aEIuYMCAwEAAQ==\n-----END PUBLIC KEY-----\n",
            "rsa_bits": 4096
          },
          "sensitive_attributes": []
        }
      ]
    }
  ]
}
